
Microsoft Visual Studio Solution File, Format Version 12.00
# Visual Studio Version 17
VisualStudioVersion = 17.1.32328.378
MinimumVisualStudioVersion = 10.0.40219.1
Project("{FAE04EC0-301F-11D3-BF4B-00C04F79EFBC}") = "SiteCron", "Sitecron\SiteCron.csproj", "{9DF7F0E7-13D8-4224-AB59-E513C0D4728E}"
EndProject
Global
	GlobalSection(SolutionConfigurationPlatforms) = preSolution
		Debug|Any CPU = Debug|Any CPU
		Debug-SC10_0|Any CPU = Debug-SC10_0|Any CPU
		Debug-SC10_1|Any CPU = Debug-SC10_1|Any CPU
		Debug-SC10_2|Any CPU = Debug-SC10_2|Any CPU
		Debug-SC10_3|Any CPU = Debug-SC10_3|Any CPU
		Debug-SC10_4|Any CPU = Debug-SC10_4|Any CPU
		Release|Any CPU = Release|Any CPU
		Release-SC10_0|Any CPU = Release-SC10_0|Any CPU
		Release-SC10_1|Any CPU = Release-SC10_1|Any CPU
		Release-SC10_2|Any CPU = Release-SC10_2|Any CPU
		Release-SC10_3|Any CPU = Release-SC10_3|Any CPU
		Release-SC10_4|Any CPU = Release-SC10_4|Any CPU
	EndGlobalSection
	GlobalSection(ProjectConfigurationPlatforms) = postSolution
		{9DF7F0E7-13D8-4224-AB59-E513C0D4728E}.Debug|Any CPU.ActiveCfg = Debug|Any CPU
		{9DF7F0E7-13D8-4224-AB59-E513C0D4728E}.Debug|Any CPU.Build.0 = Debug|Any CPU
		{9DF7F0E7-13D8-4224-AB59-E513C0D4728E}.Debug-SC10_0|Any CPU.ActiveCfg = Debug-SC10_0|Any CPU
		{9DF7F0E7-13D8-4224-AB59-E513C0D4728E}.Debug-SC10_0|Any CPU.Build.0 = Debug-SC10_0|Any CPU
		{9DF7F0E7-13D8-4224-AB59-E513C0D4728E}.Debug-SC10_1|Any CPU.ActiveCfg = Debug-SC10_1|Any CPU
		{9DF7F0E7-13D8-4224-AB59-E513C0D4728E}.Debug-SC10_1|Any CPU.Build.0 = Debug-SC10_1|Any CPU
		{9DF7F0E7-13D8-4224-AB59-E513C0D4728E}.Debug-SC10_2|Any CPU.ActiveCfg = Debug-SC10_2|Any CPU
		{9DF7F0E7-13D8-4224-AB59-E513C0D4728E}.Debug-SC10_2|Any CPU.Build.0 = Debug-SC10_2|Any CPU
		{9DF7F0E7-13D8-4224-AB59-E513C0D4728E}.Debug-SC10_3|Any CPU.ActiveCfg = Debug-SC10_3|Any CPU
		{9DF7F0E7-13D8-4224-AB59-E513C0D4728E}.Debug-SC10_3|Any CPU.Build.0 = Debug-SC10_3|Any CPU
		{9DF7F0E7-13D8-4224-AB59-E513C0D4728E}.Debug-SC10_4|Any CPU.ActiveCfg = Debug-SC10_4|Any CPU
		{9DF7F0E7-13D8-4224-AB59-E513C0D4728E}.Debug-SC10_4|Any CPU.Build.0 = Debug-SC10_4|Any CPU
		{9DF7F0E7-13D8-4224-AB59-E513C0D4728E}.Release|Any CPU.ActiveCfg = Release|Any CPU
		{9DF7F0E7-13D8-4224-AB59-E513C0D4728E}.Release|Any CPU.Build.0 = Release|Any CPU
		{9DF7F0E7-13D8-4224-AB59-E513C0D4728E}.Release-SC10_0|Any CPU.ActiveCfg = Release-SC10_0|Any CPU
		{9DF7F0E7-13D8-4224-AB59-E513C0D4728E}.Release-SC10_0|Any CPU.Build.0 = Release-SC10_0|Any CPU
		{9DF7F0E7-13D8-4224-AB59-E513C0D4728E}.Release-SC10_1|Any CPU.ActiveCfg = Release-SC10_1|Any CPU
		{9DF7F0E7-13D8-4224-AB59-E513C0D4728E}.Release-SC10_1|Any CPU.Build.0 = Release-SC10_1|Any CPU
		{9DF7F0E7-13D8-4224-AB59-E513C0D4728E}.Release-SC10_2|Any CPU.ActiveCfg = Release-SC10_2|Any CPU
		{9DF7F0E7-13D8-4224-AB59-E513C0D4728E}.Release-SC10_2|Any CPU.Build.0 = Release-SC10_2|Any CPU
		{9DF7F0E7-13D8-4224-AB59-E513C0D4728E}.Release-SC10_3|Any CPU.ActiveCfg = Release-SC10_3|Any CPU
		{9DF7F0E7-13D8-4224-AB59-E513C0D4728E}.Release-SC10_3|Any CPU.Build.0 = Release-SC10_3|Any CPU
		{9DF7F0E7-13D8-4224-AB59-E513C0D4728E}.Release-SC10_4|Any CPU.ActiveCfg = Release-SC10_4|Any CPU
		{9DF7F0E7-13D8-4224-AB59-E513C0D4728E}.Release-SC10_4|Any CPU.Build.0 = Release-SC10_4|Any CPU
	EndGlobalSection
	GlobalSection(SolutionProperties) = preSolution
		HideSolutionNode = FALSE
	EndGlobalSection
	GlobalSection(ExtensibilityGlobals) = postSolution
		SolutionGuid = {45854319-F715-4710-ADF7-E2CDA0DB0342}
	EndGlobalSection
EndGlobal
